
Microsoft Visual Studio Solution File, Format Version 11.00
# Visual Studio 2010
Project("{FAE04EC0-301F-11D3-BF4B-00C04F79EFBC}") = "Assembly-CSharp", "Assembly-CSharp.csproj", "{ec8da34a-fe46-7311-e16d-757af884ba56}"
EndProject
Project("{FAE04EC0-301F-11D3-BF4B-00C04F79EFBC}") = "Assembly-CSharp-Editor", "Assembly-CSharp-Editor.csproj", "{bd15550a-ea0c-9078-7179-8096acf65c59}"
EndProject
Global
	GlobalSection(SolutionConfigurationPlatforms) = preSolution
		Debug|Any CPU = Debug|Any CPU
		Release|Any CPU = Release|Any CPU
	EndGlobalSection
	GlobalSection(ProjectConfigurationPlatforms) = postSolution
		{ec8da34a-fe46-7311-e16d-757af884ba56}.Debug|Any CPU.ActiveCfg = Debug|Any CPU
		{ec8da34a-fe46-7311-e16d-757af884ba56}.Debug|Any CPU.Build.0 = Debug|Any CPU
		{ec8da34a-fe46-7311-e16d-757af884ba56}.Release|Any CPU.ActiveCfg = Release|Any CPU
		{ec8da34a-fe46-7311-e16d-757af884ba56}.Release|Any CPU.Build.0 = Release|Any CPU
		{bd15550a-ea0c-9078-7179-8096acf65c59}.Debug|Any CPU.ActiveCfg = Debug|Any CPU
		{bd15550a-ea0c-9078-7179-8096acf65c59}.Debug|Any CPU.Build.0 = Debug|Any CPU
		{bd15550a-ea0c-9078-7179-8096acf65c59}.Release|Any CPU.ActiveCfg = Release|Any CPU
		{bd15550a-ea0c-9078-7179-8096acf65c59}.Release|Any CPU.Build.0 = Release|Any CPU
	EndGlobalSection
	GlobalSection(SolutionProperties) = preSolution
		HideSolutionNode = FALSE
	EndGlobalSection
EndGlobal
